
Microsoft Visual Studio Solution File, Format Version 12.00
# Visual Studio 15
VisualStudioVersion = 15.0.26124.0
MinimumVisualStudioVersion = 15.0.26124.0
Project("{2150E333-8FDC-42A3-9474-1A3956D46DE8}") = "src", "src", "{55948B4F-C93A-45D0-84FD-01925510E733}"
EndProject
Project("{FAE04EC0-301F-11D3-BF4B-00C04F79EFBC}") = "BuildingBlocks", "src\BuildingBlocks\BuildingBlocks.csproj", "{E2766787-E880-4A0C-83C2-B6F6F7EFCEB7}"
EndProject
Project("{2150E333-8FDC-42A3-9474-1A3956D46DE8}") = "tests", "tests", "{95E9E8AF-DC7A-4BA3-B94E-5961DAAEE8A5}"
EndProject
Project("{FAE04EC0-301F-11D3-BF4B-00C04F79EFBC}") = "BuildingBlocks.Tests", "tests\BuildingBlocks.Tests\BuildingBlocks.Tests.csproj", "{4E493828-BAB8-4700-8507-510056205DA6}"
EndProject
Project("{FAE04EC0-301F-11D3-BF4B-00C04F79EFBC}") = "Results", "src\Results\Results.csproj", "{21261613-40FE-433D-B4A0-45E7909422EF}"
EndProject
Project("{FAE04EC0-301F-11D3-BF4B-00C04F79EFBC}") = "Results.Tests", "tests\Results.Tests\Results.Tests.csproj", "{4A83732E-38E7-487C-B655-4455A526F986}"
EndProject
Project("{FAE04EC0-301F-11D3-BF4B-00C04F79EFBC}") = "Pricing", "src\Pricing\Pricing.csproj", "{B44FAF98-409E-47E6-8CF7-DFBA95B86345}"
EndProject
Project("{FAE04EC0-301F-11D3-BF4B-00C04F79EFBC}") = "Pricing.Tests", "tests\Pricing.Tests\Pricing.Tests.csproj", "{CF95A43C-5418-45C7-B5D8-B339CFB9E438}"
EndProject
Project("{2150E333-8FDC-42A3-9474-1A3956D46DE8}") = "samples", "samples", "{5D20AA90-6969-D8BD-9DCD-8634F4692FDA}"
EndProject
Project("{FAE04EC0-301F-11D3-BF4B-00C04F79EFBC}") = "SampleApp", "samples\SampleApp\SampleApp.csproj", "{B17E984E-3950-4860-AEA5-BFA64CFD4D37}"
EndProject
Global
	GlobalSection(SolutionConfigurationPlatforms) = preSolution
		Debug|Any CPU = Debug|Any CPU
		Debug|x64 = Debug|x64
		Debug|x86 = Debug|x86
		Release|Any CPU = Release|Any CPU
		Release|x64 = Release|x64
		Release|x86 = Release|x86
	EndGlobalSection
	GlobalSection(ProjectConfigurationPlatforms) = postSolution
		{E2766787-E880-4A0C-83C2-B6F6F7EFCEB7}.Debug|Any CPU.ActiveCfg = Debug|Any CPU
		{E2766787-E880-4A0C-83C2-B6F6F7EFCEB7}.Debug|Any CPU.Build.0 = Debug|Any CPU
		{E2766787-E880-4A0C-83C2-B6F6F7EFCEB7}.Debug|x64.ActiveCfg = Debug|Any CPU
		{E2766787-E880-4A0C-83C2-B6F6F7EFCEB7}.Debug|x64.Build.0 = Debug|Any CPU
		{E2766787-E880-4A0C-83C2-B6F6F7EFCEB7}.Debug|x86.ActiveCfg = Debug|Any CPU
		{E2766787-E880-4A0C-83C2-B6F6F7EFCEB7}.Debug|x86.Build.0 = Debug|Any CPU
		{E2766787-E880-4A0C-83C2-B6F6F7EFCEB7}.Release|Any CPU.ActiveCfg = Release|Any CPU
		{E2766787-E880-4A0C-83C2-B6F6F7EFCEB7}.Release|Any CPU.Build.0 = Release|Any CPU
		{E2766787-E880-4A0C-83C2-B6F6F7EFCEB7}.Release|x64.ActiveCfg = Release|Any CPU
		{E2766787-E880-4A0C-83C2-B6F6F7EFCEB7}.Release|x64.Build.0 = Release|Any CPU
		{E2766787-E880-4A0C-83C2-B6F6F7EFCEB7}.Release|x86.ActiveCfg = Release|Any CPU
		{E2766787-E880-4A0C-83C2-B6F6F7EFCEB7}.Release|x86.Build.0 = Release|Any CPU
		{4E493828-BAB8-4700-8507-510056205DA6}.Debug|Any CPU.ActiveCfg = Debug|Any CPU
		{4E493828-BAB8-4700-8507-510056205DA6}.Debug|Any CPU.Build.0 = Debug|Any CPU
		{4E493828-BAB8-4700-8507-510056205DA6}.Debug|x64.ActiveCfg = Debug|Any CPU
		{4E493828-BAB8-4700-8507-510056205DA6}.Debug|x64.Build.0 = Debug|Any CPU
		{4E493828-BAB8-4700-8507-510056205DA6}.Debug|x86.ActiveCfg = Debug|Any CPU
		{4E493828-BAB8-4700-8507-510056205DA6}.Debug|x86.Build.0 = Debug|Any CPU
		{4E493828-BAB8-4700-8507-510056205DA6}.Release|Any CPU.ActiveCfg = Release|Any CPU
		{4E493828-BAB8-4700-8507-510056205DA6}.Release|Any CPU.Build.0 = Release|Any CPU
		{4E493828-BAB8-4700-8507-510056205DA6}.Release|x64.ActiveCfg = Release|Any CPU
		{4E493828-BAB8-4700-8507-510056205DA6}.Release|x64.Build.0 = Release|Any CPU
		{4E493828-BAB8-4700-8507-510056205DA6}.Release|x86.ActiveCfg = Release|Any CPU
		{4E493828-BAB8-4700-8507-510056205DA6}.Release|x86.Build.0 = Release|Any CPU
		{21261613-40FE-433D-B4A0-45E7909422EF}.Debug|Any CPU.ActiveCfg = Debug|Any CPU
		{21261613-40FE-433D-B4A0-45E7909422EF}.Debug|Any CPU.Build.0 = Debug|Any CPU
		{21261613-40FE-433D-B4A0-45E7909422EF}.Debug|x64.ActiveCfg = Debug|Any CPU
		{21261613-40FE-433D-B4A0-45E7909422EF}.Debug|x64.Build.0 = Debug|Any CPU
		{21261613-40FE-433D-B4A0-45E7909422EF}.Debug|x86.ActiveCfg = Debug|Any CPU
		{21261613-40FE-433D-B4A0-45E7909422EF}.Debug|x86.Build.0 = Debug|Any CPU
		{21261613-40FE-433D-B4A0-45E7909422EF}.Release|Any CPU.ActiveCfg = Release|Any CPU
		{21261613-40FE-433D-B4A0-45E7909422EF}.Release|Any CPU.Build.0 = Release|Any CPU
		{21261613-40FE-433D-B4A0-45E7909422EF}.Release|x64.ActiveCfg = Release|Any CPU
		{21261613-40FE-433D-B4A0-45E7909422EF}.Release|x64.Build.0 = Release|Any CPU
		{21261613-40FE-433D-B4A0-45E7909422EF}.Release|x86.ActiveCfg = Release|Any CPU
		{21261613-40FE-433D-B4A0-45E7909422EF}.Release|x86.Build.0 = Release|Any CPU
		{4A83732E-38E7-487C-B655-4455A526F986}.Debug|Any CPU.ActiveCfg = Debug|Any CPU
		{4A83732E-38E7-487C-B655-4455A526F986}.Debug|Any CPU.Build.0 = Debug|Any CPU
		{4A83732E-38E7-487C-B655-4455A526F986}.Debug|x64.ActiveCfg = Debug|Any CPU
		{4A83732E-38E7-487C-B655-4455A526F986}.Debug|x64.Build.0 = Debug|Any CPU
		{4A83732E-38E7-487C-B655-4455A526F986}.Debug|x86.ActiveCfg = Debug|Any CPU
		{4A83732E-38E7-487C-B655-4455A526F986}.Debug|x86.Build.0 = Debug|Any CPU
		{4A83732E-38E7-487C-B655-4455A526F986}.Release|Any CPU.ActiveCfg = Release|Any CPU
		{4A83732E-38E7-487C-B655-4455A526F986}.Release|Any CPU.Build.0 = Release|Any CPU
		{4A83732E-38E7-487C-B655-4455A526F986}.Release|x64.ActiveCfg = Release|Any CPU
		{4A83732E-38E7-487C-B655-4455A526F986}.Release|x64.Build.0 = Release|Any CPU
		{4A83732E-38E7-487C-B655-4455A526F986}.Release|x86.ActiveCfg = Release|Any CPU
		{4A83732E-38E7-487C-B655-4455A526F986}.Release|x86.Build.0 = Release|Any CPU
		{B44FAF98-409E-47E6-8CF7-DFBA95B86345}.Debug|Any CPU.ActiveCfg = Debug|Any CPU
		{B44FAF98-409E-47E6-8CF7-DFBA95B86345}.Debug|Any CPU.Build.0 = Debug|Any CPU
		{B44FAF98-409E-47E6-8CF7-DFBA95B86345}.Debug|x64.ActiveCfg = Debug|Any CPU
		{B44FAF98-409E-47E6-8CF7-DFBA95B86345}.Debug|x64.Build.0 = Debug|Any CPU
		{B44FAF98-409E-47E6-8CF7-DFBA95B86345}.Debug|x86.ActiveCfg = Debug|Any CPU
		{B44FAF98-409E-47E6-8CF7-DFBA95B86345}.Debug|x86.Build.0 = Debug|Any CPU
		{B44FAF98-409E-47E6-8CF7-DFBA95B86345}.Release|Any CPU.ActiveCfg = Release|Any CPU
		{B44FAF98-409E-47E6-8CF7-DFBA95B86345}.Release|Any CPU.Build.0 = Release|Any CPU
		{B44FAF98-409E-47E6-8CF7-DFBA95B86345}.Release|x64.ActiveCfg = Release|Any CPU
		{B44FAF98-409E-47E6-8CF7-DFBA95B86345}.Release|x64.Build.0 = Release|Any CPU
		{B44FAF98-409E-47E6-8CF7-DFBA95B86345}.Release|x86.ActiveCfg = Release|Any CPU
		{B44FAF98-409E-47E6-8CF7-DFBA95B86345}.Release|x86.Build.0 = Release|Any CPU
		{CF95A43C-5418-45C7-B5D8-B339CFB9E438}.Debug|Any CPU.ActiveCfg = Debug|Any CPU
		{CF95A43C-5418-45C7-B5D8-B339CFB9E438}.Debug|Any CPU.Build.0 = Debug|Any CPU
		{CF95A43C-5418-45C7-B5D8-B339CFB9E438}.Debug|x64.ActiveCfg = Debug|Any CPU
		{CF95A43C-5418-45C7-B5D8-B339CFB9E438}.Debug|x64.Build.0 = Debug|Any CPU
		{CF95A43C-5418-45C7-B5D8-B339CFB9E438}.Debug|x86.ActiveCfg = Debug|Any CPU
		{CF95A43C-5418-45C7-B5D8-B339CFB9E438}.Debug|x86.Build.0 = Debug|Any CPU
		{CF95A43C-5418-45C7-B5D8-B339CFB9E438}.Release|Any CPU.ActiveCfg = Release|Any CPU
		{CF95A43C-5418-45C7-B5D8-B339CFB9E438}.Release|Any CPU.Build.0 = Release|Any CPU
		{CF95A43C-5418-45C7-B5D8-B339CFB9E438}.Release|x64.ActiveCfg = Release|Any CPU
		{CF95A43C-5418-45C7-B5D8-B339CFB9E438}.Release|x64.Build.0 = Release|Any CPU
		{CF95A43C-5418-45C7-B5D8-B339CFB9E438}.Release|x86.ActiveCfg = Release|Any CPU
		{CF95A43C-5418-45C7-B5D8-B339CFB9E438}.Release|x86.Build.0 = Release|Any CPU
		{B17E984E-3950-4860-AEA5-BFA64CFD4D37}.Debug|Any CPU.ActiveCfg = Debug|Any CPU
		{B17E984E-3950-4860-AEA5-BFA64CFD4D37}.Debug|Any CPU.Build.0 = Debug|Any CPU
		{B17E984E-3950-4860-AEA5-BFA64CFD4D37}.Debug|x64.ActiveCfg = Debug|Any CPU
		{B17E984E-3950-4860-AEA5-BFA64CFD4D37}.Debug|x64.Build.0 = Debug|Any CPU
		{B17E984E-3950-4860-AEA5-BFA64CFD4D37}.Debug|x86.ActiveCfg = Debug|Any CPU
		{B17E984E-3950-4860-AEA5-BFA64CFD4D37}.Debug|x86.Build.0 = Debug|Any CPU
		{B17E984E-3950-4860-AEA5-BFA64CFD4D37}.Release|Any CPU.ActiveCfg = Release|Any CPU
		{B17E984E-3950-4860-AEA5-BFA64CFD4D37}.Release|Any CPU.Build.0 = Release|Any CPU
		{B17E984E-3950-4860-AEA5-BFA64CFD4D37}.Release|x64.ActiveCfg = Release|Any CPU
		{B17E984E-3950-4860-AEA5-BFA64CFD4D37}.Release|x64.Build.0 = Release|Any CPU
		{B17E984E-3950-4860-AEA5-BFA64CFD4D37}.Release|x86.ActiveCfg = Release|Any CPU
		{B17E984E-3950-4860-AEA5-BFA64CFD4D37}.Release|x86.Build.0 = Release|Any CPU
	EndGlobalSection
	GlobalSection(SolutionProperties) = preSolution
		HideSolutionNode = FALSE
	EndGlobalSection
	GlobalSection(NestedProjects) = preSolution
		{E2766787-E880-4A0C-83C2-B6F6F7EFCEB7} = {55948B4F-C93A-45D0-84FD-01925510E733}
		{4E493828-BAB8-4700-8507-510056205DA6} = {95E9E8AF-DC7A-4BA3-B94E-5961DAAEE8A5}
		{21261613-40FE-433D-B4A0-45E7909422EF} = {55948B4F-C93A-45D0-84FD-01925510E733}
		{4A83732E-38E7-487C-B655-4455A526F986} = {95E9E8AF-DC7A-4BA3-B94E-5961DAAEE8A5}
		{B44FAF98-409E-47E6-8CF7-DFBA95B86345} = {55948B4F-C93A-45D0-84FD-01925510E733}
		{CF95A43C-5418-45C7-B5D8-B339CFB9E438} = {95E9E8AF-DC7A-4BA3-B94E-5961DAAEE8A5}
		{B17E984E-3950-4860-AEA5-BFA64CFD4D37} = {5D20AA90-6969-D8BD-9DCD-8634F4692FDA}
	EndGlobalSection
EndGlobal
